
Microsoft Visual Studio Solution File, Format Version 12.00
# Visual Studio Version 16
VisualStudioVersion = 16.0.29123.88
MinimumVisualStudioVersion = 10.0.40219.1
Project("{FAE04EC0-301F-11D3-BF4B-00C04F79EFBC}") = "SimpleAuthentication", "TestProject_PT Hara Anargya\TestProject_PT Hara Anargya.csproj", "{77C80D21-6943-42E6-A326-62ED10FB96B8}"
EndProject
Global
	GlobalSection(SolutionConfigurationPlatforms) = preSolution
		Debug|Any CPU = Debug|Any CPU
		Release|Any CPU = Release|Any CPU
	EndGlobalSection
	GlobalSection(ProjectConfigurationPlatforms) = postSolution
		{77C80D21-6943-42E6-A326-62ED10FB96B8}.Debug|Any CPU.ActiveCfg = Debug|Any CPU
		{77C80D21-6943-42E6-A326-62ED10FB96B8}.Debug|Any CPU.Build.0 = Debug|Any CPU
		{77C80D21-6943-42E6-A326-62ED10FB96B8}.Release|Any CPU.ActiveCfg = Release|Any CPU
		{77C80D21-6943-42E6-A326-62ED10FB96B8}.Release|Any CPU.Build.0 = Release|Any CPU
	EndGlobalSection
	GlobalSection(SolutionProperties) = preSolution
		HideSolutionNode = FALSE
	EndGlobalSection
	GlobalSection(ExtensibilityGlobals) = postSolution
		SolutionGuid = {55727764-30B8-468B-A91E-0E1B34E2E15C}
	EndGlobalSection
	GlobalSection(TeamFoundationVersionControl) = preSolution
		SccNumberOfProjects = 2
		SccEnterpriseProvider = {4CA58AB2-18FA-4F8D-95D4-32DDF27D184C}
		SccTeamFoundationServer = https://dev.azure.com/codedragon1007
		SccLocalPath0 = .
		SccProjectUniqueName1 = SimpleAuthentication\\SimpleAuthentication.csproj
		SccProjectName1 = SimpleAuthentication
		SccLocalPath1 = SimpleAuthentication
	EndGlobalSection
EndGlobal
